
Microsoft Visual Studio Solution File, Format Version 12.00
# Visual Studio Version 17
VisualStudioVersion = 17.10.35027.167
MinimumVisualStudioVersion = 10.0.40219.1
Project("{FAE04EC0-301F-11D3-BF4B-00C04F79EFBC}") = "CRUDApi", "CRUDApi\CRUDApi.csproj", "{065B8F68-989E-4FAF-BA6F-405E7BE135E7}"
EndProject
Global
	GlobalSection(SolutionConfigurationPlatforms) = preSolution
		Debug|Any CPU = Debug|Any CPU
		Release|Any CPU = Release|Any CPU
	EndGlobalSection
	GlobalSection(ProjectConfigurationPlatforms) = postSolution
		{065B8F68-989E-4FAF-BA6F-405E7BE135E7}.Debug|Any CPU.ActiveCfg = Debug|Any CPU
		{065B8F68-989E-4FAF-BA6F-405E7BE135E7}.Debug|Any CPU.Build.0 = Debug|Any CPU
		{065B8F68-989E-4FAF-BA6F-405E7BE135E7}.Release|Any CPU.ActiveCfg = Release|Any CPU
		{065B8F68-989E-4FAF-BA6F-405E7BE135E7}.Release|Any CPU.Build.0 = Release|Any CPU
	EndGlobalSection
	GlobalSection(SolutionProperties) = preSolution
		HideSolutionNode = FALSE
	EndGlobalSection
	GlobalSection(ExtensibilityGlobals) = postSolution
		SolutionGuid = {609865C4-4CF4-4B92-8803-432B77EC8E96}
	EndGlobalSection
EndGlobal
